dependencies:
- name: mirrorbits
  repository: https://jenkins-infra.github.io/helm-charts
  version: 2.4.3
- name: httpd
  repository: https://jenkins-infra.github.io/helm-charts
  version: 0.4.1
- name: rsyncd
  repository: https://jenkins-infra.github.io/helm-charts
  version: 1.4.42
digest: sha256:56180f3eeefcdcb4cb683f894d29803c6654e6d2c5c0eaee257788f7653c58ea
generated: "2024-07-29T19:02:16.111886915+02:00"
